
Microsoft Visual Studio Solution File, Format Version 12.00
# Visual Studio Version 17
VisualStudioVersion = 17.13.35913.81 d17.13
MinimumVisualStudioVersion = 10.0.40219.1
Project("{FAE04EC0-301F-11D3-BF4B-00C04F79EFBC}") = "IslamPartner", "IslamPartner\IslamPartner.csproj", "{DC81090B-447C-4A72-8DFE-B26752C58749}"
EndProject
Global
	GlobalSection(SolutionConfigurationPlatforms) = preSolution
		Debug|Any CPU = Debug|Any CPU
		Release|Any CPU = Release|Any CPU
	EndGlobalSection
	GlobalSection(ProjectConfigurationPlatforms) = postSolution
		{DC81090B-447C-4A72-8DFE-B26752C58749}.Debug|Any CPU.ActiveCfg = Debug|Any CPU
		{DC81090B-447C-4A72-8DFE-B26752C58749}.Debug|Any CPU.Build.0 = Debug|Any CPU
		{DC81090B-447C-4A72-8DFE-B26752C58749}.Debug|Any CPU.Deploy.0 = Debug|Any CPU
		{DC81090B-447C-4A72-8DFE-B26752C58749}.Release|Any CPU.ActiveCfg = Release|Any CPU
		{DC81090B-447C-4A72-8DFE-B26752C58749}.Release|Any CPU.Build.0 = Release|Any CPU
		{DC81090B-447C-4A72-8DFE-B26752C58749}.Release|Any CPU.Deploy.0 = Release|Any CPU
	EndGlobalSection
	GlobalSection(SolutionProperties) = preSolution
		HideSolutionNode = FALSE
	EndGlobalSection
	GlobalSection(ExtensibilityGlobals) = postSolution
		SolutionGuid = {2199A791-AB5D-4EB8-8572-B6237C016219}
	EndGlobalSection
EndGlobal
