
Microsoft Visual Studio Solution File, Format Version 12.00
# Visual Studio Version 17
VisualStudioVersion = 17.13.35913.81 d17.13
MinimumVisualStudioVersion = 10.0.40219.1
Project("{FAE04EC0-301F-11D3-BF4B-00C04F79EFBC}") = "Sahabi", "Sahabi\Sahabi.csproj", "{DD36B406-502A-4C41-B81C-DFD212BB9DE5}"
EndProject
Global
	GlobalSection(SolutionConfigurationPlatforms) = preSolution
		Debug|Any CPU = Debug|Any CPU
		Release|Any CPU = Release|Any CPU
	EndGlobalSection
	GlobalSection(ProjectConfigurationPlatforms) = postSolution
		{DD36B406-502A-4C41-B81C-DFD212BB9DE5}.Debug|Any CPU.ActiveCfg = Debug|Any CPU
		{DD36B406-502A-4C41-B81C-DFD212BB9DE5}.Debug|Any CPU.Build.0 = Debug|Any CPU
		{DD36B406-502A-4C41-B81C-DFD212BB9DE5}.Debug|Any CPU.Deploy.0 = Debug|Any CPU
		{DD36B406-502A-4C41-B81C-DFD212BB9DE5}.Release|Any CPU.ActiveCfg = Release|Any CPU
		{DD36B406-502A-4C41-B81C-DFD212BB9DE5}.Release|Any CPU.Build.0 = Release|Any CPU
		{DD36B406-502A-4C41-B81C-DFD212BB9DE5}.Release|Any CPU.Deploy.0 = Release|Any CPU
	EndGlobalSection
	GlobalSection(SolutionProperties) = preSolution
		HideSolutionNode = FALSE
	EndGlobalSection
	GlobalSection(ExtensibilityGlobals) = postSolution
		SolutionGuid = {28BDDBED-65F4-4A99-AB73-2834F51A56E9}
	EndGlobalSection
EndGlobal
